
Microsoft Visual Studio Solution File, Format Version 12.00
# Visual Studio Version 16
VisualStudioVersion = 16.0.32901.82
MinimumVisualStudioVersion = 10.0.40219.1
Project("{8BC9CEB8-8B4A-11D0-8D11-00A0C91BC942}") = "Hashing", "Hashing\Hashing.vcxproj", "{DBD70B2F-0FE2-40E4-AE12-D3759C2C83D1}"
EndProject
Global
	GlobalSection(SolutionConfigurationPlatforms) = preSolution
		Debug|x64 = Debug|x64
		Debug|x86 = Debug|x86
		Release|x64 = Release|x64
		Release|x86 = Release|x86
	EndGlobalSection
	GlobalSection(ProjectConfigurationPlatforms) = postSolution
		{DBD70B2F-0FE2-40E4-AE12-D3759C2C83D1}.Debug|x64.ActiveCfg = Debug|x64
		{DBD70B2F-0FE2-40E4-AE12-D3759C2C83D1}.Debug|x64.Build.0 = Debug|x64
		{DBD70B2F-0FE2-40E4-AE12-D3759C2C83D1}.Debug|x86.ActiveCfg = Debug|Win32
		{DBD70B2F-0FE2-40E4-AE12-D3759C2C83D1}.Debug|x86.Build.0 = Debug|Win32
		{DBD70B2F-0FE2-40E4-AE12-D3759C2C83D1}.Release|x64.ActiveCfg = Release|x64
		{DBD70B2F-0FE2-40E4-AE12-D3759C2C83D1}.Release|x64.Build.0 = Release|x64
		{DBD70B2F-0FE2-40E4-AE12-D3759C2C83D1}.Release|x86.ActiveCfg = Release|Win32
		{DBD70B2F-0FE2-40E4-AE12-D3759C2C83D1}.Release|x86.Build.0 = Release|Win32
	EndGlobalSection
	GlobalSection(SolutionProperties) = preSolution
		HideSolutionNode = FALSE
	EndGlobalSection
	GlobalSection(ExtensibilityGlobals) = postSolution
		SolutionGuid = {7B7E2105-A231-4DD0-B7C8-99CB62357955}
	EndGlobalSection
EndGlobal
